
Microsoft Visual Studio Solution File, Format Version 12.00
# Visual Studio Version 17
VisualStudioVersion = 17.2.32630.192
MinimumVisualStudioVersion = 10.0.40219.1
Project("{9A19103F-16F7-4668-BE54-9A1E7A4F7556}") = "InnoGotchi.API", "InnoGotchi.API\InnoGotchi.API.csproj", "{24577B3E-4264-46EB-9B7E-EFA242434A12}"
EndProject
Project("{9A19103F-16F7-4668-BE54-9A1E7A4F7556}") = "InnoGotchi.Domain", "InnoGotchi.Domain\InnoGotchi.Domain.csproj", "{518C7432-9BE1-4EC6-A7A3-2F4B46FE0159}"
EndProject
Project("{9A19103F-16F7-4668-BE54-9A1E7A4F7556}") = "InnoGotchi.Application", "InnoGotchi.Application\InnoGotchi.Application.csproj", "{CD00DE17-CB7A-4C2C-A18D-E3846CDA22C0}"
EndProject
Project("{9A19103F-16F7-4668-BE54-9A1E7A4F7556}") = "Infrastructure.Persistance", "Infrastructure.Persistance\Infrastructure.Persistance.csproj", "{DC0453DE-5C7C-4A87-B9F0-CABA41050C16}"
EndProject
Project("{9A19103F-16F7-4668-BE54-9A1E7A4F7556}") = "Infrastructure.Services", "Infrastructure.Services\Infrastructure.Services.csproj", "{CC2A735E-784D-4B54-8D4A-8CA862BE523C}"
EndProject
Project("{9A19103F-16F7-4668-BE54-9A1E7A4F7556}") = "Tests", "Tests\Tests.csproj", "{436F8C55-BE6F-4809-AB00-73CFD13E8CE2}"
EndProject
Project("{FAE04EC0-301F-11D3-BF4B-00C04F79EFBC}") = "InnoGotchi.IntegrationTests", "InnoGotchi.IntegrationTests\InnoGotchi.IntegrationTests.csproj", "{93605680-524E-4BDE-B4B9-8693967C399B}"
EndProject
Global
	GlobalSection(SolutionConfigurationPlatforms) = preSolution
		Debug|Any CPU = Debug|Any CPU
		Release|Any CPU = Release|Any CPU
	EndGlobalSection
	GlobalSection(ProjectConfigurationPlatforms) = postSolution
		{24577B3E-4264-46EB-9B7E-EFA242434A12}.Debug|Any CPU.ActiveCfg = Debug|Any CPU
		{24577B3E-4264-46EB-9B7E-EFA242434A12}.Debug|Any CPU.Build.0 = Debug|Any CPU
		{24577B3E-4264-46EB-9B7E-EFA242434A12}.Release|Any CPU.ActiveCfg = Release|Any CPU
		{24577B3E-4264-46EB-9B7E-EFA242434A12}.Release|Any CPU.Build.0 = Release|Any CPU
		{518C7432-9BE1-4EC6-A7A3-2F4B46FE0159}.Debug|Any CPU.ActiveCfg = Debug|Any CPU
		{518C7432-9BE1-4EC6-A7A3-2F4B46FE0159}.Debug|Any CPU.Build.0 = Debug|Any CPU
		{518C7432-9BE1-4EC6-A7A3-2F4B46FE0159}.Release|Any CPU.ActiveCfg = Release|Any CPU
		{518C7432-9BE1-4EC6-A7A3-2F4B46FE0159}.Release|Any CPU.Build.0 = Release|Any CPU
		{CD00DE17-CB7A-4C2C-A18D-E3846CDA22C0}.Debug|Any CPU.ActiveCfg = Debug|Any CPU
		{CD00DE17-CB7A-4C2C-A18D-E3846CDA22C0}.Debug|Any CPU.Build.0 = Debug|Any CPU
		{CD00DE17-CB7A-4C2C-A18D-E3846CDA22C0}.Release|Any CPU.ActiveCfg = Release|Any CPU
		{CD00DE17-CB7A-4C2C-A18D-E3846CDA22C0}.Release|Any CPU.Build.0 = Release|Any CPU
		{DC0453DE-5C7C-4A87-B9F0-CABA41050C16}.Debug|Any CPU.ActiveCfg = Debug|Any CPU
		{DC0453DE-5C7C-4A87-B9F0-CABA41050C16}.Debug|Any CPU.Build.0 = Debug|Any CPU
		{DC0453DE-5C7C-4A87-B9F0-CABA41050C16}.Release|Any CPU.ActiveCfg = Release|Any CPU
		{DC0453DE-5C7C-4A87-B9F0-CABA41050C16}.Release|Any CPU.Build.0 = Release|Any CPU
		{CC2A735E-784D-4B54-8D4A-8CA862BE523C}.Debug|Any CPU.ActiveCfg = Debug|Any CPU
		{CC2A735E-784D-4B54-8D4A-8CA862BE523C}.Debug|Any CPU.Build.0 = Debug|Any CPU
		{CC2A735E-784D-4B54-8D4A-8CA862BE523C}.Release|Any CPU.ActiveCfg = Release|Any CPU
		{CC2A735E-784D-4B54-8D4A-8CA862BE523C}.Release|Any CPU.Build.0 = Release|Any CPU
		{436F8C55-BE6F-4809-AB00-73CFD13E8CE2}.Debug|Any CPU.ActiveCfg = Debug|Any CPU
		{436F8C55-BE6F-4809-AB00-73CFD13E8CE2}.Debug|Any CPU.Build.0 = Debug|Any CPU
		{436F8C55-BE6F-4809-AB00-73CFD13E8CE2}.Release|Any CPU.ActiveCfg = Release|Any CPU
		{436F8C55-BE6F-4809-AB00-73CFD13E8CE2}.Release|Any CPU.Build.0 = Release|Any CPU
		{93605680-524E-4BDE-B4B9-8693967C399B}.Debug|Any CPU.ActiveCfg = Debug|Any CPU
		{93605680-524E-4BDE-B4B9-8693967C399B}.Debug|Any CPU.Build.0 = Debug|Any CPU
		{93605680-524E-4BDE-B4B9-8693967C399B}.Release|Any CPU.ActiveCfg = Release|Any CPU
		{93605680-524E-4BDE-B4B9-8693967C399B}.Release|Any CPU.Build.0 = Release|Any CPU
	EndGlobalSection
	GlobalSection(SolutionProperties) = preSolution
		HideSolutionNode = FALSE
	EndGlobalSection
	GlobalSection(ExtensibilityGlobals) = postSolution
		SolutionGuid = {D85B9F4A-A284-4E3B-A322-697067F10660}
	EndGlobalSection
EndGlobal
